PODS:
  - Macaw (0.9.6):
    - SWXMLHash
  - SwiftLint (0.39.2)
  - SWXMLHash (5.0.1)

DEPENDENCIES:
  - Macaw (= 0.9.6)
  - SwiftLint

SPEC REPOS:
  trunk:
    - Macaw
    - SwiftLint
    - SWXMLHash

SPEC CHECKSUMS:
  Macaw: 8306d775625ba003beee4186b9533fd7cf284024
  SwiftLint: 22ccbbe3b8008684be5955693bab135e0ed6a447
  SWXMLHash: 9cc0c2e4807926c74377724aa8722ee5707a0485

PODFILE CHECKSUM: 01e2241b2f0ae3af1deeb4f7cec1a07d12b66825

COCOAPODS: 1.9.1
