PODS:
  - Macaw (0.9.7):
    - SWXMLHash
  - SwiftLint (0.40.3)
  - SWXMLHash (5.0.1)

DEPENDENCIES:
  - Macaw (= 0.9.7)
  - SwiftLint

SPEC REPOS:
  trunk:
    - Macaw
    - SwiftLint
    - SWXMLHash

SPEC CHECKSUMS:
  Macaw: 4a931baf9a9826b06d0d8ecf300014c962ab9d50
  SwiftLint: dfd554ff0dff17288ee574814ccdd5cea85d76f7
  SWXMLHash: 9cc0c2e4807926c74377724aa8722ee5707a0485

PODFILE CHECKSUM: 07d5e07d947b87a44730d0e83030b4f8a5b137a2

COCOAPODS: 1.9.1
